
Microsoft Visual Studio Solution File, Format Version 12.00
# Visual Studio Version 17
VisualStudioVersion = 17.4.33122.133
MinimumVisualStudioVersion = 10.0.40219.1
Project("{8BC9CEB8-8B4A-11D0-8D11-00A0C91BC942}") = "day02", "day02\day02.vcxproj", "{85B49A7A-F728-4E44-A7EB-09DF40CC464A}"
EndProject
Global
	GlobalSection(SolutionConfigurationPlatforms) = preSolution
		Debug|x64 = Debug|x64
		Debug|x86 = Debug|x86
		Release|x64 = Release|x64
		Release|x86 = Release|x86
	EndGlobalSection
	GlobalSection(ProjectConfigurationPlatforms) = postSolution
		{85B49A7A-F728-4E44-A7EB-09DF40CC464A}.Debug|x64.ActiveCfg = Debug|x64
		{85B49A7A-F728-4E44-A7EB-09DF40CC464A}.Debug|x64.Build.0 = Debug|x64
		{85B49A7A-F728-4E44-A7EB-09DF40CC464A}.Debug|x86.ActiveCfg = Debug|Win32
		{85B49A7A-F728-4E44-A7EB-09DF40CC464A}.Debug|x86.Build.0 = Debug|Win32
		{85B49A7A-F728-4E44-A7EB-09DF40CC464A}.Release|x64.ActiveCfg = Release|x64
		{85B49A7A-F728-4E44-A7EB-09DF40CC464A}.Release|x64.Build.0 = Release|x64
		{85B49A7A-F728-4E44-A7EB-09DF40CC464A}.Release|x86.ActiveCfg = Release|Win32
		{85B49A7A-F728-4E44-A7EB-09DF40CC464A}.Release|x86.Build.0 = Release|Win32
	EndGlobalSection
	GlobalSection(SolutionProperties) = preSolution
		HideSolutionNode = FALSE
	EndGlobalSection
	GlobalSection(ExtensibilityGlobals) = postSolution
		SolutionGuid = {4F93AD64-BABF-4B23-BFC9-08AF743BBA65}
	EndGlobalSection
EndGlobal
